
Microsoft Visual Studio Solution File, Format Version 12.00
# Visual Studio Version 16
VisualStudioVersion = 16.0.29409.12
MinimumVisualStudioVersion = 10.0.40219.1
Project("{9A19103F-16F7-4668-BE54-9A1E7A4F7556}") = "Trading.API", "Trading.API\Trading.API.csproj", "{B6021F50-24DE-4ACA-834E-56BBE8A319B4}"
EndProject
Project("{2150E333-8FDC-42A3-9474-1A3956D46DE8}") = "Solution Items", "Solution Items", "{CF51CFC5-0819-4E7F-8829-EB11E59930DB}"
	ProjectSection(SolutionItems) = preProject
		.gitignore = .gitignore
		README.md = README.md
	EndProjectSection
EndProject
Project("{9A19103F-16F7-4668-BE54-9A1E7A4F7556}") = "Trading", "Trading\Trading.csproj", "{6258E1A9-E650-4E4C-B1F8-F59974F5B812}"
EndProject
Project("{9A19103F-16F7-4668-BE54-9A1E7A4F7556}") = "DatabaseVersioning", "DatabaseVersioning\DatabaseVersioning.csproj", "{2EB3A0AB-47B4-4F0C-BA21-590B08855651}"
EndProject
Project("{FAE04EC0-301F-11D3-BF4B-00C04F79EFBC}") = "DatabaseServices", "DatabaseServices\DatabaseServices.csproj", "{492DDCC9-E782-4071-815D-325923BE98B6}"
EndProject
Global
	GlobalSection(SolutionConfigurationPlatforms) = preSolution
		Debug|Any CPU = Debug|Any CPU
		Release|Any CPU = Release|Any CPU
	EndGlobalSection
	GlobalSection(ProjectConfigurationPlatforms) = postSolution
		{B6021F50-24DE-4ACA-834E-56BBE8A319B4}.Debug|Any CPU.ActiveCfg = Debug|Any CPU
		{B6021F50-24DE-4ACA-834E-56BBE8A319B4}.Debug|Any CPU.Build.0 = Debug|Any CPU
		{B6021F50-24DE-4ACA-834E-56BBE8A319B4}.Release|Any CPU.ActiveCfg = Release|Any CPU
		{B6021F50-24DE-4ACA-834E-56BBE8A319B4}.Release|Any CPU.Build.0 = Release|Any CPU
		{6258E1A9-E650-4E4C-B1F8-F59974F5B812}.Debug|Any CPU.ActiveCfg = Debug|Any CPU
		{6258E1A9-E650-4E4C-B1F8-F59974F5B812}.Debug|Any CPU.Build.0 = Debug|Any CPU
		{6258E1A9-E650-4E4C-B1F8-F59974F5B812}.Release|Any CPU.ActiveCfg = Release|Any CPU
		{6258E1A9-E650-4E4C-B1F8-F59974F5B812}.Release|Any CPU.Build.0 = Release|Any CPU
		{2EB3A0AB-47B4-4F0C-BA21-590B08855651}.Debug|Any CPU.ActiveCfg = Debug|Any CPU
		{2EB3A0AB-47B4-4F0C-BA21-590B08855651}.Debug|Any CPU.Build.0 = Debug|Any CPU
		{2EB3A0AB-47B4-4F0C-BA21-590B08855651}.Release|Any CPU.ActiveCfg = Release|Any CPU
		{2EB3A0AB-47B4-4F0C-BA21-590B08855651}.Release|Any CPU.Build.0 = Release|Any CPU
		{492DDCC9-E782-4071-815D-325923BE98B6}.Debug|Any CPU.ActiveCfg = Debug|Any CPU
		{492DDCC9-E782-4071-815D-325923BE98B6}.Debug|Any CPU.Build.0 = Debug|Any CPU
		{492DDCC9-E782-4071-815D-325923BE98B6}.Release|Any CPU.ActiveCfg = Release|Any CPU
		{492DDCC9-E782-4071-815D-325923BE98B6}.Release|Any CPU.Build.0 = Release|Any CPU
	EndGlobalSection
	GlobalSection(SolutionProperties) = preSolution
		HideSolutionNode = FALSE
	EndGlobalSection
	GlobalSection(ExtensibilityGlobals) = postSolution
		SolutionGuid = {C4289AAF-6764-4C01-AE6E-9B7388B233E2}
	EndGlobalSection
EndGlobal
