
Microsoft Visual Studio Solution File, Format Version 12.00
# Visual Studio Version 16
VisualStudioVersion = 16.0.29409.12
MinimumVisualStudioVersion = 10.0.40219.1
Project("{9A19103F-16F7-4668-BE54-9A1E7A4F7556}") = "Trading.Entities", "Trading.Entities\Trading.Entities.csproj", "{5341A54F-3E67-47B6-AF35-1B575925E85D}"
EndProject
Project("{9A19103F-16F7-4668-BE54-9A1E7A4F7556}") = "Trading.Operations", "Trading.Operations\Trading.Operations.csproj", "{A941ADCF-1413-4D4E-A1AE-820206901793}"
EndProject
Global
	GlobalSection(SolutionConfigurationPlatforms) = preSolution
		Debug|Any CPU = Debug|Any CPU
		Release|Any CPU = Release|Any CPU
	EndGlobalSection
	GlobalSection(ProjectConfigurationPlatforms) = postSolution
		{5341A54F-3E67-47B6-AF35-1B575925E85D}.Debug|Any CPU.ActiveCfg = Debug|Any CPU
		{5341A54F-3E67-47B6-AF35-1B575925E85D}.Debug|Any CPU.Build.0 = Debug|Any CPU
		{5341A54F-3E67-47B6-AF35-1B575925E85D}.Release|Any CPU.ActiveCfg = Release|Any CPU
		{5341A54F-3E67-47B6-AF35-1B575925E85D}.Release|Any CPU.Build.0 = Release|Any CPU
		{A941ADCF-1413-4D4E-A1AE-820206901793}.Debug|Any CPU.ActiveCfg = Debug|Any CPU
		{A941ADCF-1413-4D4E-A1AE-820206901793}.Debug|Any CPU.Build.0 = Debug|Any CPU
		{A941ADCF-1413-4D4E-A1AE-820206901793}.Release|Any CPU.ActiveCfg = Release|Any CPU
		{A941ADCF-1413-4D4E-A1AE-820206901793}.Release|Any CPU.Build.0 = Release|Any CPU
	EndGlobalSection
	GlobalSection(SolutionProperties) = preSolution
		HideSolutionNode = FALSE
	EndGlobalSection
	GlobalSection(ExtensibilityGlobals) = postSolution
		SolutionGuid = {C4289AAF-6764-4C01-AE6E-9B7388B233E2}
	EndGlobalSection
EndGlobal
